{
  "name": "server",
  "version": "1.0.0",
  "type": "module",
  "main": "dist/index.js",
  "scripts": {
    "dev": "nodemon --exec tsx src/index.ts",
    "build": "rimraf dist && tsc",
    "start": "node dist/index.js",
    "typecheck": "tsc --noEmit"
  },
  "keywords": [],
  "license": "ISC",
  "dependencies": {
    "@repo/db": "workspace:*",
    "cors": "^2.8.6",
    "dotenv": "^17.2.3",
    "express": "^5.2.1",
    "typescript": "^5.9.3"
  },
  "devDependencies": {
    "@types/cors": "^2.8.19",
    "@types/express": "^5.0.6",
    "@types/node": "^25.1.0",
    "tsx": "^4.7.0",
    "nodemon": "^3.1.0",
    "rimraf": "^5.0.5"
  }
}